
Microsoft Visual Studio Solution File, Format Version 12.00
# Visual Studio Version 17
VisualStudioVersion = 17.9.34622.214
MinimumVisualStudioVersion = 10.0.40219.1
Project("{9A19103F-16F7-4668-BE54-9A1E7A4F7556}") = "UdemySignalR.Web", "UdemySignalR.Web\UdemySignalR.Web.csproj", "{2CD8294A-902E-4B11-90B3-60339BBF6739}"
EndProject
Project("{9A19103F-16F7-4668-BE54-9A1E7A4F7556}") = "SignalRClientConsoleApp", "SignalRClientConsoleApp\SignalRClientConsoleApp.csproj", "{2650F210-E022-4A9C-A885-AAB685EA922A}"
EndProject
Project("{9A19103F-16F7-4668-BE54-9A1E7A4F7556}") = "SignalRClientWorkerServiceApp", "SignalRClientWorkerServiceApp\SignalRClientWorkerServiceApp.csproj", "{99BFA1E3-9B10-406E-B698-6EA597366D8A}"
EndProject
Project("{FAE04EC0-301F-11D3-BF4B-00C04F79EFBC}") = "UdemySignalR.API", "UdemySignalR.API\UdemySignalR.API.csproj", "{A4C5C741-3151-464A-BC81-54C6886A285C}"
EndProject
Project("{FAE04EC0-301F-11D3-BF4B-00C04F79EFBC}") = "UdemySampleProject.Web", "UdemySampleProject.Web\UdemySampleProject.Web.csproj", "{FFCC7299-E119-45A5-845C-F60BE62AF162}"
EndProject
Global
	GlobalSection(SolutionConfigurationPlatforms) = preSolution
		Debug|Any CPU = Debug|Any CPU
		Release|Any CPU = Release|Any CPU
	EndGlobalSection
	GlobalSection(ProjectConfigurationPlatforms) = postSolution
		{2CD8294A-902E-4B11-90B3-60339BBF6739}.Debug|Any CPU.ActiveCfg = Debug|Any CPU
		{2CD8294A-902E-4B11-90B3-60339BBF6739}.Debug|Any CPU.Build.0 = Debug|Any CPU
		{2CD8294A-902E-4B11-90B3-60339BBF6739}.Release|Any CPU.ActiveCfg = Release|Any CPU
		{2CD8294A-902E-4B11-90B3-60339BBF6739}.Release|Any CPU.Build.0 = Release|Any CPU
		{2650F210-E022-4A9C-A885-AAB685EA922A}.Debug|Any CPU.ActiveCfg = Debug|Any CPU
		{2650F210-E022-4A9C-A885-AAB685EA922A}.Debug|Any CPU.Build.0 = Debug|Any CPU
		{2650F210-E022-4A9C-A885-AAB685EA922A}.Release|Any CPU.ActiveCfg = Release|Any CPU
		{2650F210-E022-4A9C-A885-AAB685EA922A}.Release|Any CPU.Build.0 = Release|Any CPU
		{99BFA1E3-9B10-406E-B698-6EA597366D8A}.Debug|Any CPU.ActiveCfg = Debug|Any CPU
		{99BFA1E3-9B10-406E-B698-6EA597366D8A}.Debug|Any CPU.Build.0 = Debug|Any CPU
		{99BFA1E3-9B10-406E-B698-6EA597366D8A}.Release|Any CPU.ActiveCfg = Release|Any CPU
		{99BFA1E3-9B10-406E-B698-6EA597366D8A}.Release|Any CPU.Build.0 = Release|Any CPU
		{A4C5C741-3151-464A-BC81-54C6886A285C}.Debug|Any CPU.ActiveCfg = Debug|Any CPU
		{A4C5C741-3151-464A-BC81-54C6886A285C}.Debug|Any CPU.Build.0 = Debug|Any CPU
		{A4C5C741-3151-464A-BC81-54C6886A285C}.Release|Any CPU.ActiveCfg = Release|Any CPU
		{A4C5C741-3151-464A-BC81-54C6886A285C}.Release|Any CPU.Build.0 = Release|Any CPU
		{FFCC7299-E119-45A5-845C-F60BE62AF162}.Debug|Any CPU.ActiveCfg = Debug|Any CPU
		{FFCC7299-E119-45A5-845C-F60BE62AF162}.Debug|Any CPU.Build.0 = Debug|Any CPU
		{FFCC7299-E119-45A5-845C-F60BE62AF162}.Release|Any CPU.ActiveCfg = Release|Any CPU
		{FFCC7299-E119-45A5-845C-F60BE62AF162}.Release|Any CPU.Build.0 = Release|Any CPU
	EndGlobalSection
	GlobalSection(SolutionProperties) = preSolution
		HideSolutionNode = FALSE
	EndGlobalSection
	GlobalSection(ExtensibilityGlobals) = postSolution
		SolutionGuid = {92C01B49-FB37-45B4-B644-ACBE7EC51E15}
	EndGlobalSection
EndGlobal
